
Microsoft Visual Studio Solution File, Format Version 12.00
# Visual Studio Version 17
VisualStudioVersion = 17.8.34330.188
MinimumVisualStudioVersion = 10.0.40219.1
Project("{9A19103F-16F7-4668-BE54-9A1E7A4F7556}") = "AutoShutdownWinForm", "AutoShutdownWinForm\AutoShutdownWinForm.csproj", "{C30B9214-47EA-4018-8279-80267D990018}"
EndProject
Project("{FAE04EC0-301F-11D3-BF4B-00C04F79EFBC}") = "AutoshutdownLibraryCommands", "AutoshutdownLibraryCommands\AutoshutdownLibraryCommands.csproj", "{446C2229-4362-4B22-8084-0C136E1AA2C8}"
EndProject
Global
	GlobalSection(SolutionConfigurationPlatforms) = preSolution
		Debug|Any CPU = Debug|Any CPU
		Release|Any CPU = Release|Any CPU
	EndGlobalSection
	GlobalSection(ProjectConfigurationPlatforms) = postSolution
		{C30B9214-47EA-4018-8279-80267D990018}.Debug|Any CPU.ActiveCfg = Debug|Any CPU
		{C30B9214-47EA-4018-8279-80267D990018}.Debug|Any CPU.Build.0 = Debug|Any CPU
		{C30B9214-47EA-4018-8279-80267D990018}.Release|Any CPU.ActiveCfg = Release|Any CPU
		{C30B9214-47EA-4018-8279-80267D990018}.Release|Any CPU.Build.0 = Release|Any CPU
		{446C2229-4362-4B22-8084-0C136E1AA2C8}.Debug|Any CPU.ActiveCfg = Debug|Any CPU
		{446C2229-4362-4B22-8084-0C136E1AA2C8}.Debug|Any CPU.Build.0 = Debug|Any CPU
		{446C2229-4362-4B22-8084-0C136E1AA2C8}.Release|Any CPU.ActiveCfg = Release|Any CPU
		{446C2229-4362-4B22-8084-0C136E1AA2C8}.Release|Any CPU.Build.0 = Release|Any CPU
	EndGlobalSection
	GlobalSection(SolutionProperties) = preSolution
		HideSolutionNode = FALSE
	EndGlobalSection
	GlobalSection(ExtensibilityGlobals) = postSolution
		SolutionGuid = {5D0D21F1-74A6-4D59-B535-6C51727DAE73}
	EndGlobalSection
EndGlobal
